
Microsoft Visual Studio Solution File, Format Version 12.00
# Visual Studio 14
VisualStudioVersion = 14.0.23107.0
MinimumVisualStudioVersion = 10.0.40219.1
Project("{8BC9CEB8-8B4A-11D0-8D11-00A0C91BC942}") = "MapViewer", "MapViewer\MapViewer.vcxproj", "{0750169E-3B24-4DFB-AC5C-E0330912CF43}"
EndProject
Project("{8BC9CEB8-8B4A-11D0-8D11-00A0C91BC942}") = "parser", "parser\parser.vcxproj", "{374E3660-9432-4306-8550-F76030FFC8E8}"
	ProjectSection(ProjectDependencies) = postProject
		{5A918B0C-418F-42F3-BA09-987891A1696D} = {5A918B0C-418F-42F3-BA09-987891A1696D}
	EndProjectSection
EndProject
Project("{8BC9CEB8-8B4A-11D0-8D11-00A0C91BC942}") = "utility", "utility\utility.vcxproj", "{5A918B0C-418F-42F3-BA09-987891A1696D}"
EndProject
Project("{8BC9CEB8-8B4A-11D0-8D11-00A0C91BC942}") = "StormLib", "stormlib\StormLib.vcxproj", "{78424708-1F6E-4D4B-920C-FB6D26847055}"
EndProject
Global
	GlobalSection(SolutionConfigurationPlatforms) = preSolution
		Debug|x86 = Debug|x86
		DebugAD|x86 = DebugAD|x86
		DebugAS|x86 = DebugAS|x86
		DebugUD|x86 = DebugUD|x86
		DebugUS|x86 = DebugUS|x86
		Release|x86 = Release|x86
		ReleaseAD|x86 = ReleaseAD|x86
		ReleaseAS|x86 = ReleaseAS|x86
		ReleaseUD|x86 = ReleaseUD|x86
		ReleaseUS|x86 = ReleaseUS|x86
	EndGlobalSection
	GlobalSection(ProjectConfigurationPlatforms) = postSolution
		{0750169E-3B24-4DFB-AC5C-E0330912CF43}.Debug|x86.ActiveCfg = Debug|Win32
		{0750169E-3B24-4DFB-AC5C-E0330912CF43}.Debug|x86.Build.0 = Debug|Win32
		{0750169E-3B24-4DFB-AC5C-E0330912CF43}.DebugAD|x86.ActiveCfg = Debug|Win32
		{0750169E-3B24-4DFB-AC5C-E0330912CF43}.DebugAD|x86.Build.0 = Debug|Win32
		{0750169E-3B24-4DFB-AC5C-E0330912CF43}.DebugAS|x86.ActiveCfg = Debug|Win32
		{0750169E-3B24-4DFB-AC5C-E0330912CF43}.DebugAS|x86.Build.0 = Debug|Win32
		{0750169E-3B24-4DFB-AC5C-E0330912CF43}.DebugUD|x86.ActiveCfg = Debug|Win32
		{0750169E-3B24-4DFB-AC5C-E0330912CF43}.DebugUD|x86.Build.0 = Debug|Win32
		{0750169E-3B24-4DFB-AC5C-E0330912CF43}.DebugUS|x86.ActiveCfg = Debug|Win32
		{0750169E-3B24-4DFB-AC5C-E0330912CF43}.DebugUS|x86.Build.0 = Debug|Win32
		{0750169E-3B24-4DFB-AC5C-E0330912CF43}.Release|x86.ActiveCfg = Release|Win32
		{0750169E-3B24-4DFB-AC5C-E0330912CF43}.Release|x86.Build.0 = Release|Win32
		{0750169E-3B24-4DFB-AC5C-E0330912CF43}.ReleaseAD|x86.ActiveCfg = Release|Win32
		{0750169E-3B24-4DFB-AC5C-E0330912CF43}.ReleaseAD|x86.Build.0 = Release|Win32
		{0750169E-3B24-4DFB-AC5C-E0330912CF43}.ReleaseAS|x86.ActiveCfg = Release|Win32
		{0750169E-3B24-4DFB-AC5C-E0330912CF43}.ReleaseAS|x86.Build.0 = Release|Win32
		{0750169E-3B24-4DFB-AC5C-E0330912CF43}.ReleaseUD|x86.ActiveCfg = Release|Win32
		{0750169E-3B24-4DFB-AC5C-E0330912CF43}.ReleaseUD|x86.Build.0 = Release|Win32
		{0750169E-3B24-4DFB-AC5C-E0330912CF43}.ReleaseUS|x86.ActiveCfg = Release|Win32
		{0750169E-3B24-4DFB-AC5C-E0330912CF43}.ReleaseUS|x86.Build.0 = Release|Win32
		{374E3660-9432-4306-8550-F76030FFC8E8}.Debug|x86.ActiveCfg = Debug|Win32
		{374E3660-9432-4306-8550-F76030FFC8E8}.Debug|x86.Build.0 = Debug|Win32
		{374E3660-9432-4306-8550-F76030FFC8E8}.DebugAD|x86.ActiveCfg = Debug|Win32
		{374E3660-9432-4306-8550-F76030FFC8E8}.DebugAD|x86.Build.0 = Debug|Win32
		{374E3660-9432-4306-8550-F76030FFC8E8}.DebugAS|x86.ActiveCfg = Debug|Win32
		{374E3660-9432-4306-8550-F76030FFC8E8}.DebugAS|x86.Build.0 = Debug|Win32
		{374E3660-9432-4306-8550-F76030FFC8E8}.DebugUD|x86.ActiveCfg = Debug|Win32
		{374E3660-9432-4306-8550-F76030FFC8E8}.DebugUD|x86.Build.0 = Debug|Win32
		{374E3660-9432-4306-8550-F76030FFC8E8}.DebugUS|x86.ActiveCfg = Debug|Win32
		{374E3660-9432-4306-8550-F76030FFC8E8}.DebugUS|x86.Build.0 = Debug|Win32
		{374E3660-9432-4306-8550-F76030FFC8E8}.Release|x86.ActiveCfg = Release|Win32
		{374E3660-9432-4306-8550-F76030FFC8E8}.Release|x86.Build.0 = Release|Win32
		{374E3660-9432-4306-8550-F76030FFC8E8}.ReleaseAD|x86.ActiveCfg = Release|Win32
		{374E3660-9432-4306-8550-F76030FFC8E8}.ReleaseAD|x86.Build.0 = Release|Win32
		{374E3660-9432-4306-8550-F76030FFC8E8}.ReleaseAS|x86.ActiveCfg = Release|Win32
		{374E3660-9432-4306-8550-F76030FFC8E8}.ReleaseAS|x86.Build.0 = Release|Win32
		{374E3660-9432-4306-8550-F76030FFC8E8}.ReleaseUD|x86.ActiveCfg = Release|Win32
		{374E3660-9432-4306-8550-F76030FFC8E8}.ReleaseUD|x86.Build.0 = Release|Win32
		{374E3660-9432-4306-8550-F76030FFC8E8}.ReleaseUS|x86.ActiveCfg = Release|Win32
		{374E3660-9432-4306-8550-F76030FFC8E8}.ReleaseUS|x86.Build.0 = Release|Win32
		{5A918B0C-418F-42F3-BA09-987891A1696D}.Debug|x86.ActiveCfg = Debug|Win32
		{5A918B0C-418F-42F3-BA09-987891A1696D}.Debug|x86.Build.0 = Debug|Win32
		{5A918B0C-418F-42F3-BA09-987891A1696D}.DebugAD|x86.ActiveCfg = Debug|Win32
		{5A918B0C-418F-42F3-BA09-987891A1696D}.DebugAD|x86.Build.0 = Debug|Win32
		{5A918B0C-418F-42F3-BA09-987891A1696D}.DebugAS|x86.ActiveCfg = Debug|Win32
		{5A918B0C-418F-42F3-BA09-987891A1696D}.DebugAS|x86.Build.0 = Debug|Win32
		{5A918B0C-418F-42F3-BA09-987891A1696D}.DebugUD|x86.ActiveCfg = Debug|Win32
		{5A918B0C-418F-42F3-BA09-987891A1696D}.DebugUD|x86.Build.0 = Debug|Win32
		{5A918B0C-418F-42F3-BA09-987891A1696D}.DebugUS|x86.ActiveCfg = Debug|Win32
		{5A918B0C-418F-42F3-BA09-987891A1696D}.DebugUS|x86.Build.0 = Debug|Win32
		{5A918B0C-418F-42F3-BA09-987891A1696D}.Release|x86.ActiveCfg = Release|Win32
		{5A918B0C-418F-42F3-BA09-987891A1696D}.Release|x86.Build.0 = Release|Win32
		{5A918B0C-418F-42F3-BA09-987891A1696D}.ReleaseAD|x86.ActiveCfg = Release|Win32
		{5A918B0C-418F-42F3-BA09-987891A1696D}.ReleaseAD|x86.Build.0 = Release|Win32
		{5A918B0C-418F-42F3-BA09-987891A1696D}.ReleaseAS|x86.ActiveCfg = Release|Win32
		{5A918B0C-418F-42F3-BA09-987891A1696D}.ReleaseAS|x86.Build.0 = Release|Win32
		{5A918B0C-418F-42F3-BA09-987891A1696D}.ReleaseUD|x86.ActiveCfg = Release|Win32
		{5A918B0C-418F-42F3-BA09-987891A1696D}.ReleaseUD|x86.Build.0 = Release|Win32
		{5A918B0C-418F-42F3-BA09-987891A1696D}.ReleaseUS|x86.ActiveCfg = Release|Win32
		{5A918B0C-418F-42F3-BA09-987891A1696D}.ReleaseUS|x86.Build.0 = Release|Win32
		{78424708-1F6E-4D4B-920C-FB6D26847055}.Debug|x86.ActiveCfg = DebugAS|Win32
		{78424708-1F6E-4D4B-920C-FB6D26847055}.Debug|x86.Build.0 = DebugAS|Win32
		{78424708-1F6E-4D4B-920C-FB6D26847055}.DebugAD|x86.ActiveCfg = DebugAD|Win32
		{78424708-1F6E-4D4B-920C-FB6D26847055}.DebugAD|x86.Build.0 = DebugAD|Win32
		{78424708-1F6E-4D4B-920C-FB6D26847055}.DebugAS|x86.ActiveCfg = DebugAS|Win32
		{78424708-1F6E-4D4B-920C-FB6D26847055}.DebugAS|x86.Build.0 = DebugAS|Win32
		{78424708-1F6E-4D4B-920C-FB6D26847055}.DebugUD|x86.ActiveCfg = DebugUD|Win32
		{78424708-1F6E-4D4B-920C-FB6D26847055}.DebugUD|x86.Build.0 = DebugUD|Win32
		{78424708-1F6E-4D4B-920C-FB6D26847055}.DebugUS|x86.ActiveCfg = DebugUS|Win32
		{78424708-1F6E-4D4B-920C-FB6D26847055}.DebugUS|x86.Build.0 = DebugUS|Win32
		{78424708-1F6E-4D4B-920C-FB6D26847055}.Release|x86.ActiveCfg = ReleaseAS|Win32
		{78424708-1F6E-4D4B-920C-FB6D26847055}.Release|x86.Build.0 = ReleaseAS|Win32
		{78424708-1F6E-4D4B-920C-FB6D26847055}.ReleaseAD|x86.ActiveCfg = ReleaseAD|Win32
		{78424708-1F6E-4D4B-920C-FB6D26847055}.ReleaseAD|x86.Build.0 = ReleaseAD|Win32
		{78424708-1F6E-4D4B-920C-FB6D26847055}.ReleaseAS|x86.ActiveCfg = ReleaseAS|Win32
		{78424708-1F6E-4D4B-920C-FB6D26847055}.ReleaseAS|x86.Build.0 = ReleaseAS|Win32
		{78424708-1F6E-4D4B-920C-FB6D26847055}.ReleaseUD|x86.ActiveCfg = ReleaseUD|Win32
		{78424708-1F6E-4D4B-920C-FB6D26847055}.ReleaseUD|x86.Build.0 = ReleaseUD|Win32
		{78424708-1F6E-4D4B-920C-FB6D26847055}.ReleaseUS|x86.ActiveCfg = ReleaseUS|Win32
		{78424708-1F6E-4D4B-920C-FB6D26847055}.ReleaseUS|x86.Build.0 = ReleaseUS|Win32
	EndGlobalSection
	GlobalSection(SolutionProperties) = preSolution
		HideSolutionNode = FALSE
	EndGlobalSection
EndGlobal
