
Microsoft Visual Studio Solution File, Format Version 12.00
# Visual Studio 14
VisualStudioVersion = 14.0.23107.0
MinimumVisualStudioVersion = 10.0.40219.1
Project("{8BC9CEB8-8B4A-11D0-8D11-00A0C91BC942}") = "MapViewer", "MapViewer\MapViewer.vcxproj", "{0750169E-3B24-4DFB-AC5C-E0330912CF43}"
	ProjectSection(ProjectDependencies) = postProject
		{5A918B0C-418F-42F3-BA09-987891A1696D} = {5A918B0C-418F-42F3-BA09-987891A1696D}
	EndProjectSection
EndProject
Project("{8BC9CEB8-8B4A-11D0-8D11-00A0C91BC942}") = "parser", "parser\parser.vcxproj", "{374E3660-9432-4306-8550-F76030FFC8E8}"
	ProjectSection(ProjectDependencies) = postProject
		{5A918B0C-418F-42F3-BA09-987891A1696D} = {5A918B0C-418F-42F3-BA09-987891A1696D}
	EndProjectSection
EndProject
Project("{8BC9CEB8-8B4A-11D0-8D11-00A0C91BC942}") = "utility", "utility\utility.vcxproj", "{5A918B0C-418F-42F3-BA09-987891A1696D}"
EndProject
Project("{8BC9CEB8-8B4A-11D0-8D11-00A0C91BC942}") = "StormLib", "stormlib\StormLib_vs15.vcxproj", "{78424708-1F6E-4D4B-920C-FB6D26847055}"
EndProject
Project("{8BC9CEB8-8B4A-11D0-8D11-00A0C91BC942}") = "Recast", "RecastDetourBuild\Recast\Recast.vcxproj", "{F339341A-DA24-4886-801D-201917D2D0EE}"
EndProject
Project("{8BC9CEB8-8B4A-11D0-8D11-00A0C91BC942}") = "MapBuilder", "MapBuilder\MapBuilder.vcxproj", "{2C32D32F-53FA-4AEB-BC9B-7FF74741302F}"
	ProjectSection(ProjectDependencies) = postProject
		{5A918B0C-418F-42F3-BA09-987891A1696D} = {5A918B0C-418F-42F3-BA09-987891A1696D}
		{F339341A-DA24-4886-801D-201917D2D0EE} = {F339341A-DA24-4886-801D-201917D2D0EE}
		{374E3660-9432-4306-8550-F76030FFC8E8} = {374E3660-9432-4306-8550-F76030FFC8E8}
	EndProjectSection
EndProject
Global
	GlobalSection(SolutionConfigurationPlatforms) = preSolution
		Debug|x64 = Debug|x64
		Debug|x86 = Debug|x86
		Release|x64 = Release|x64
		Release|x86 = Release|x86
	EndGlobalSection
	GlobalSection(ProjectConfigurationPlatforms) = postSolution
		{0750169E-3B24-4DFB-AC5C-E0330912CF43}.Debug|x64.ActiveCfg = Debug|x64
		{0750169E-3B24-4DFB-AC5C-E0330912CF43}.Debug|x64.Build.0 = Debug|x64
		{0750169E-3B24-4DFB-AC5C-E0330912CF43}.Debug|x86.ActiveCfg = Debug|Win32
		{0750169E-3B24-4DFB-AC5C-E0330912CF43}.Debug|x86.Build.0 = Debug|Win32
		{0750169E-3B24-4DFB-AC5C-E0330912CF43}.Release|x64.ActiveCfg = Release|x64
		{0750169E-3B24-4DFB-AC5C-E0330912CF43}.Release|x64.Build.0 = Release|x64
		{0750169E-3B24-4DFB-AC5C-E0330912CF43}.Release|x86.ActiveCfg = Release|Win32
		{0750169E-3B24-4DFB-AC5C-E0330912CF43}.Release|x86.Build.0 = Release|Win32
		{374E3660-9432-4306-8550-F76030FFC8E8}.Debug|x64.ActiveCfg = Debug|Win32
		{374E3660-9432-4306-8550-F76030FFC8E8}.Debug|x86.ActiveCfg = Debug|Win32
		{374E3660-9432-4306-8550-F76030FFC8E8}.Debug|x86.Build.0 = Debug|Win32
		{374E3660-9432-4306-8550-F76030FFC8E8}.Release|x64.ActiveCfg = Release|Win32
		{374E3660-9432-4306-8550-F76030FFC8E8}.Release|x86.ActiveCfg = Release|Win32
		{374E3660-9432-4306-8550-F76030FFC8E8}.Release|x86.Build.0 = Release|Win32
		{5A918B0C-418F-42F3-BA09-987891A1696D}.Debug|x64.ActiveCfg = Debug|Win32
		{5A918B0C-418F-42F3-BA09-987891A1696D}.Debug|x86.ActiveCfg = Debug|Win32
		{5A918B0C-418F-42F3-BA09-987891A1696D}.Debug|x86.Build.0 = Debug|Win32
		{5A918B0C-418F-42F3-BA09-987891A1696D}.Release|x64.ActiveCfg = Release|Win32
		{5A918B0C-418F-42F3-BA09-987891A1696D}.Release|x86.ActiveCfg = Release|Win32
		{5A918B0C-418F-42F3-BA09-987891A1696D}.Release|x86.Build.0 = Release|Win32
		{78424708-1F6E-4D4B-920C-FB6D26847055}.Debug|x64.ActiveCfg = DebugAD|x64
		{78424708-1F6E-4D4B-920C-FB6D26847055}.Debug|x64.Build.0 = DebugAD|x64
		{78424708-1F6E-4D4B-920C-FB6D26847055}.Debug|x86.ActiveCfg = DebugAD|Win32
		{78424708-1F6E-4D4B-920C-FB6D26847055}.Debug|x86.Build.0 = DebugAD|Win32
		{78424708-1F6E-4D4B-920C-FB6D26847055}.Release|x64.ActiveCfg = ReleaseAD|x64
		{78424708-1F6E-4D4B-920C-FB6D26847055}.Release|x64.Build.0 = ReleaseAD|x64
		{78424708-1F6E-4D4B-920C-FB6D26847055}.Release|x86.ActiveCfg = ReleaseAD|Win32
		{78424708-1F6E-4D4B-920C-FB6D26847055}.Release|x86.Build.0 = ReleaseAD|Win32
		{F339341A-DA24-4886-801D-201917D2D0EE}.Debug|x64.ActiveCfg = Debug|x64
		{F339341A-DA24-4886-801D-201917D2D0EE}.Debug|x64.Build.0 = Debug|x64
		{F339341A-DA24-4886-801D-201917D2D0EE}.Debug|x86.ActiveCfg = Debug|Win32
		{F339341A-DA24-4886-801D-201917D2D0EE}.Debug|x86.Build.0 = Debug|Win32
		{F339341A-DA24-4886-801D-201917D2D0EE}.Release|x64.ActiveCfg = Release|x64
		{F339341A-DA24-4886-801D-201917D2D0EE}.Release|x64.Build.0 = Release|x64
		{F339341A-DA24-4886-801D-201917D2D0EE}.Release|x86.ActiveCfg = Release|Win32
		{F339341A-DA24-4886-801D-201917D2D0EE}.Release|x86.Build.0 = Release|Win32
		{2C32D32F-53FA-4AEB-BC9B-7FF74741302F}.Debug|x64.ActiveCfg = Debug|x64
		{2C32D32F-53FA-4AEB-BC9B-7FF74741302F}.Debug|x64.Build.0 = Debug|x64
		{2C32D32F-53FA-4AEB-BC9B-7FF74741302F}.Debug|x86.ActiveCfg = Debug|Win32
		{2C32D32F-53FA-4AEB-BC9B-7FF74741302F}.Debug|x86.Build.0 = Debug|Win32
		{2C32D32F-53FA-4AEB-BC9B-7FF74741302F}.Release|x64.ActiveCfg = Release|x64
		{2C32D32F-53FA-4AEB-BC9B-7FF74741302F}.Release|x64.Build.0 = Release|x64
		{2C32D32F-53FA-4AEB-BC9B-7FF74741302F}.Release|x86.ActiveCfg = Release|Win32
		{2C32D32F-53FA-4AEB-BC9B-7FF74741302F}.Release|x86.Build.0 = Release|Win32
	EndGlobalSection
	GlobalSection(SolutionProperties) = preSolution
		HideSolutionNode = FALSE
	EndGlobalSection
EndGlobal
