<?xml version="1.0" encoding="utf-8"?>
<Project ToolsVersion="4.0" xmlns="http://schemas.microsoft.com/developer/msbuild/2003">
  <ItemGroup>
    <ClCompile Include="Source\parser.cpp">
      <Filter>Source</Filter>
    </ClCompile>
    <ClCompile Include="Source\MpqManager.cpp">
      <Filter>Source</Filter>
    </ClCompile>
    <ClCompile Include="Source\Adt\Adt.cpp">
      <Filter>Source\Adt</Filter>
    </ClCompile>
    <ClCompile Include="Source\Adt\AdtChunk.cpp">
      <Filter>Source\Adt</Filter>
    </ClCompile>
    <ClCompile Include="Source\Adt\Chunks\MCNK.cpp">
      <Filter>Source\Adt\Chunks</Filter>
    </ClCompile>
    <ClCompile Include="Source\Adt\Chunks\MDDF.cpp">
      <Filter>Source\Adt\Chunks</Filter>
    </ClCompile>
    <ClCompile Include="Source\Adt\Chunks\MH2O.cpp">
      <Filter>Source\Adt\Chunks</Filter>
    </ClCompile>
    <ClCompile Include="Source\Adt\Chunks\MHDR.cpp">
      <Filter>Source\Adt\Chunks</Filter>
    </ClCompile>
    <ClCompile Include="Source\Adt\Chunks\MMDX.cpp">
      <Filter>Source\Adt\Chunks</Filter>
    </ClCompile>
    <ClCompile Include="Source\Adt\Chunks\MODF.cpp">
      <Filter>Source\Adt\Chunks</Filter>
    </ClCompile>
    <ClCompile Include="Source\Adt\Chunks\MWMO.cpp">
      <Filter>Source\Adt\Chunks</Filter>
    </ClCompile>
    <ClCompile Include="Source\Adt\Chunks\Subchunks\MCLQ.cpp">
      <Filter>Source\Adt\Chunks\Subchunks</Filter>
    </ClCompile>
    <ClCompile Include="Source\Adt\Chunks\Subchunks\MCVT.cpp">
      <Filter>Source\Adt\Chunks\Subchunks</Filter>
    </ClCompile>
    <ClCompile Include="Source\Doodad\Doodad.cpp">
      <Filter>Source\Doodad</Filter>
    </ClCompile>
    <ClCompile Include="Source\Doodad\DoodadInstance.cpp">
      <Filter>Source\Doodad</Filter>
    </ClCompile>
    <ClCompile Include="Source\Map\Map.cpp">
      <Filter>Source\Map</Filter>
    </ClCompile>
    <ClCompile Include="Source\Wmo\Wmo.cpp">
      <Filter>Source\Wmo</Filter>
    </ClCompile>
    <ClCompile Include="Source\Wmo\WmoDoodad.cpp">
      <Filter>Source\Wmo</Filter>
    </ClCompile>
    <ClCompile Include="Source\Wmo\WmoInstance.cpp">
      <Filter>Source\Wmo</Filter>
    </ClCompile>
    <ClCompile Include="Source\Wmo\Group File\WmoGroupChunk.cpp">
      <Filter>Source\Wmo\Group File</Filter>
    </ClCompile>
    <ClCompile Include="Source\Wmo\Group File\WmoGroupFile.cpp">
      <Filter>Source\Wmo\Group File</Filter>
    </ClCompile>
    <ClCompile Include="Source\Wmo\Group File\Chunks\MLIQ.cpp">
      <Filter>Source\Wmo\Group File\Chunks</Filter>
    </ClCompile>
    <ClCompile Include="Source\Wmo\Group File\Chunks\MOPY.cpp">
      <Filter>Source\Wmo\Group File\Chunks</Filter>
    </ClCompile>
    <ClCompile Include="Source\Wmo\Group File\Chunks\MOVI.cpp">
      <Filter>Source\Wmo\Group File\Chunks</Filter>
    </ClCompile>
    <ClCompile Include="Source\Wmo\Group File\Chunks\MOVT.cpp">
      <Filter>Source\Wmo\Group File\Chunks</Filter>
    </ClCompile>
    <ClCompile Include="Source\Wmo\Root File\Chunks\MODD.cpp">
      <Filter>Source\Wmo\Root File\Chunks</Filter>
    </ClCompile>
    <ClCompile Include="Source\Wmo\Root File\Chunks\MODN.cpp">
      <Filter>Source\Wmo\Root File\Chunks</Filter>
    </ClCompile>
    <ClCompile Include="Source\Wmo\Root File\Chunks\MODS.cpp">
      <Filter>Source\Wmo\Root File\Chunks</Filter>
    </ClCompile>
  </ItemGroup>
  <ItemGroup>
    <ClInclude Include="Include\Adt\Adt.hpp">
      <Filter>Include\Adt</Filter>
    </ClInclude>
    <ClInclude Include="Include\Adt\AdtChunk.hpp">
      <Filter>Include\Adt</Filter>
    </ClInclude>
    <ClInclude Include="Include\Adt\Chunks\MCNK.hpp">
      <Filter>Include\Adt\Chunks</Filter>
    </ClInclude>
    <ClInclude Include="Include\Adt\Chunks\MDDF.hpp">
      <Filter>Include\Adt\Chunks</Filter>
    </ClInclude>
    <ClInclude Include="Include\Adt\Chunks\MH2O.hpp">
      <Filter>Include\Adt\Chunks</Filter>
    </ClInclude>
    <ClInclude Include="Include\Adt\Chunks\MHDR.hpp">
      <Filter>Include\Adt\Chunks</Filter>
    </ClInclude>
    <ClInclude Include="Include\Adt\Chunks\MMDX.hpp">
      <Filter>Include\Adt\Chunks</Filter>
    </ClInclude>
    <ClInclude Include="Include\Adt\Chunks\MODF.hpp">
      <Filter>Include\Adt\Chunks</Filter>
    </ClInclude>
    <ClInclude Include="Include\Adt\Chunks\MWMO.hpp">
      <Filter>Include\Adt\Chunks</Filter>
    </ClInclude>
    <ClInclude Include="Include\Adt\Chunks\Subchunks\MCLQ.hpp">
      <Filter>Include\Adt\Chunks\Subchunks</Filter>
    </ClInclude>
    <ClInclude Include="Include\Adt\Chunks\Subchunks\MCVT.hpp">
      <Filter>Include\Adt\Chunks\Subchunks</Filter>
    </ClInclude>
    <ClInclude Include="Include\Doodad\DoodadInstance.hpp">
      <Filter>Include\Doodad</Filter>
    </ClInclude>
    <ClInclude Include="Include\Doodad\Doodad.hpp">
      <Filter>Include\Doodad</Filter>
    </ClInclude>
    <ClInclude Include="Include\Map\Map.hpp">
      <Filter>Include\Map</Filter>
    </ClInclude>
    <ClInclude Include="Include\Wmo\Wmo.hpp">
      <Filter>Include\Wmo</Filter>
    </ClInclude>
    <ClInclude Include="Include\Wmo\WmoChunkHeader.hpp">
      <Filter>Include\Wmo</Filter>
    </ClInclude>
    <ClInclude Include="Include\Wmo\WmoInstance.hpp">
      <Filter>Include\Wmo</Filter>
    </ClInclude>
    <ClInclude Include="Include\Wmo\Group File\WmoGroupChunk.hpp">
      <Filter>Include\Wmo\Group File</Filter>
    </ClInclude>
    <ClInclude Include="Include\Wmo\Group File\WmoGroupFile.hpp">
      <Filter>Include\Wmo\Group File</Filter>
    </ClInclude>
    <ClInclude Include="Include\Wmo\Group File\Chunks\MLIQ.hpp">
      <Filter>Include\Wmo\Group File\Chunks</Filter>
    </ClInclude>
    <ClInclude Include="Include\Wmo\Group File\Chunks\MOPY.hpp">
      <Filter>Include\Wmo\Group File\Chunks</Filter>
    </ClInclude>
    <ClInclude Include="Include\Wmo\Group File\Chunks\MOVI.hpp">
      <Filter>Include\Wmo\Group File\Chunks</Filter>
    </ClInclude>
    <ClInclude Include="Include\Wmo\Group File\Chunks\MOVT.hpp">
      <Filter>Include\Wmo\Group File\Chunks</Filter>
    </ClInclude>
    <ClInclude Include="Include\Wmo\Root File\WmoRootChunk.hpp">
      <Filter>Include\Wmo\Root File</Filter>
    </ClInclude>
    <ClInclude Include="Include\Wmo\Root File\Chunks\MODD.hpp">
      <Filter>Include\Wmo\Root File\Chunks</Filter>
    </ClInclude>
    <ClInclude Include="Include\Wmo\Root File\Chunks\MODN.hpp">
      <Filter>Include\Wmo\Root File\Chunks</Filter>
    </ClInclude>
    <ClInclude Include="Include\Wmo\Root File\Chunks\MODS.hpp">
      <Filter>Include\Wmo\Root File\Chunks</Filter>
    </ClInclude>
    <ClInclude Include="Include\Wmo\Root File\Chunks\MOHD.hpp">
      <Filter>Include\Wmo\Root File\Chunks</Filter>
    </ClInclude>
    <ClInclude Include="include\parser.hpp">
      <Filter>Include</Filter>
    </ClInclude>
    <ClInclude Include="Include\MpqManager.hpp">
      <Filter>Include</Filter>
    </ClInclude>
    <ClInclude Include="Include\Doodad\DoodadPlacement.hpp">
      <Filter>Include\Doodad</Filter>
    </ClInclude>
    <ClInclude Include="Include\Wmo\WmoPlacement.hpp">
      <Filter>Include\Wmo</Filter>
    </ClInclude>
    <ClInclude Include="Include\Wmo\WmoDoodadPlacement.hpp">
      <Filter>Include\Wmo</Filter>
    </ClInclude>
    <ClInclude Include="Include\Wmo\WmoDoodad.hpp">
      <Filter>Include\Wmo</Filter>
    </ClInclude>
    <ClInclude Include="Include\Adt\AdtChunkLocation.hpp">
      <Filter>Include\Adt</Filter>
    </ClInclude>
  </ItemGroup>
  <ItemGroup>
    <Filter Include="Include">
      <UniqueIdentifier>{cc06565a-6cf5-46b9-a56e-42cf5c879b7b}</UniqueIdentifier>
    </Filter>
    <Filter Include="Source">
      <UniqueIdentifier>{96235149-f800-4c19-8269-8026d7b2a1d9}</UniqueIdentifier>
    </Filter>
    <Filter Include="Include\Adt">
      <UniqueIdentifier>{bc2bb018-1549-4432-bb99-62238d41887c}</UniqueIdentifier>
    </Filter>
    <Filter Include="Include\Adt\Chunks">
      <UniqueIdentifier>{66b4c759-06de-4797-9cb4-b18db9ef5a56}</UniqueIdentifier>
    </Filter>
    <Filter Include="Include\Adt\Chunks\Subchunks">
      <UniqueIdentifier>{4d41f09f-be69-41f3-933b-00e6a604afbe}</UniqueIdentifier>
    </Filter>
    <Filter Include="Include\Doodad">
      <UniqueIdentifier>{95a29869-6709-4789-ac78-0660993975ba}</UniqueIdentifier>
    </Filter>
    <Filter Include="Include\Map">
      <UniqueIdentifier>{0db681a1-01aa-4a6f-8498-fa8b22e142b5}</UniqueIdentifier>
    </Filter>
    <Filter Include="Include\Wmo">
      <UniqueIdentifier>{d600fc4a-30ba-4f6a-9f1e-5b09723912d5}</UniqueIdentifier>
    </Filter>
    <Filter Include="Include\Wmo\Group File">
      <UniqueIdentifier>{e60fe584-24dd-4177-aff4-1525362523dd}</UniqueIdentifier>
    </Filter>
    <Filter Include="Include\Wmo\Group File\Chunks">
      <UniqueIdentifier>{bcf43a50-5eab-421c-b198-30f2fceb1e70}</UniqueIdentifier>
    </Filter>
    <Filter Include="Include\Wmo\Root File">
      <UniqueIdentifier>{a260b644-61b6-4df5-9483-9234fbc6bb04}</UniqueIdentifier>
    </Filter>
    <Filter Include="Include\Wmo\Root File\Chunks">
      <UniqueIdentifier>{e649c530-6f1b-4d35-87f6-e66ba5c57400}</UniqueIdentifier>
    </Filter>
    <Filter Include="Source\Adt">
      <UniqueIdentifier>{c3364036-1007-44e4-94f2-6f185ceb7dc1}</UniqueIdentifier>
    </Filter>
    <Filter Include="Source\Adt\Chunks">
      <UniqueIdentifier>{9eaea4ae-1c52-4d9f-9f35-937d4655fe8a}</UniqueIdentifier>
    </Filter>
    <Filter Include="Source\Adt\Chunks\Subchunks">
      <UniqueIdentifier>{a95bdef3-6d7c-457b-90a2-97553698d27b}</UniqueIdentifier>
    </Filter>
    <Filter Include="Source\Doodad">
      <UniqueIdentifier>{27161562-f9cd-4b95-b8b1-0349615dccd3}</UniqueIdentifier>
    </Filter>
    <Filter Include="Source\Map">
      <UniqueIdentifier>{827924de-4b07-4023-abb2-f43751c77aaf}</UniqueIdentifier>
    </Filter>
    <Filter Include="Source\Wmo">
      <UniqueIdentifier>{3aa14307-0122-42a1-ba23-ecc367e9dbf6}</UniqueIdentifier>
    </Filter>
    <Filter Include="Source\Wmo\Group File">
      <UniqueIdentifier>{1a1852e4-a20a-4ead-914a-eb3e99b1aa86}</UniqueIdentifier>
    </Filter>
    <Filter Include="Source\Wmo\Group File\Chunks">
      <UniqueIdentifier>{d73177c5-3fac-4b97-97f2-2270476965d2}</UniqueIdentifier>
    </Filter>
    <Filter Include="Source\Wmo\Root File">
      <UniqueIdentifier>{449fcbfb-1f3a-4227-bda6-5860a6d06131}</UniqueIdentifier>
    </Filter>
    <Filter Include="Source\Wmo\Root File\Chunks">
      <UniqueIdentifier>{26302a1d-2e47-4aaa-b20d-79d202092396}</UniqueIdentifier>
    </Filter>
  </ItemGroup>
</Project>