<?xml version="1.0" encoding="utf-8"?>
<Project ToolsVersion="4.0" xmlns="http://schemas.microsoft.com/developer/msbuild/2003">
  <ItemGroup>
    <Filter Include="Source Files">
      <UniqueIdentifier>{4FC737F1-C7A5-4376-A066-2A32D752A2FF}</UniqueIdentifier>
      <Extensions>cpp;c;cc;cxx;def;odl;idl;hpj;bat;asm;asmx</Extensions>
    </Filter>
    <Filter Include="Header Files">
      <UniqueIdentifier>{93995380-89BD-4b04-88EB-625FBE52EBFB}</UniqueIdentifier>
      <Extensions>h;hh;hpp;hxx;hm;inl;inc;xsd</Extensions>
    </Filter>
    <Filter Include="Source Files\Detour">
      <UniqueIdentifier>{6c6e1ab5-efcf-4aa7-b4bd-5b7b5d83a3c5}</UniqueIdentifier>
    </Filter>
    <Filter Include="Source Files\Recast">
      <UniqueIdentifier>{5217b567-b0bf-487c-b2fd-11b2bd51b238}</UniqueIdentifier>
    </Filter>
    <Filter Include="Header Files\Detour">
      <UniqueIdentifier>{36140a84-04db-45c4-9551-5220c7dcab1c}</UniqueIdentifier>
    </Filter>
    <Filter Include="Header Files\Recast">
      <UniqueIdentifier>{b374e897-e00f-4af8-b148-b961ddb019ec}</UniqueIdentifier>
    </Filter>
    <Filter Include="Source Files\DebugUtils">
      <UniqueIdentifier>{47bf811a-23c8-4a78-942e-9b21d55da9d5}</UniqueIdentifier>
    </Filter>
    <Filter Include="Header Files\DebugUtils">
      <UniqueIdentifier>{568bbd1d-1911-4350-8a27-40d13f12408f}</UniqueIdentifier>
    </Filter>
    <Filter Include="Header Files\DetourTileCache">
      <UniqueIdentifier>{2446ffe8-b7c8-4925-b5ae-9213b7d3f346}</UniqueIdentifier>
    </Filter>
    <Filter Include="Source Files\DetourTileCache">
      <UniqueIdentifier>{387c4807-35db-4afd-9675-02b3dd5f72f3}</UniqueIdentifier>
    </Filter>
  </ItemGroup>
  <ItemGroup>
    <ClCompile Include="..\recastnavigation\Detour\Source\DetourAlloc.cpp">
      <Filter>Source Files\Detour</Filter>
    </ClCompile>
    <ClCompile Include="..\recastnavigation\Detour\Source\DetourCommon.cpp">
      <Filter>Source Files\Detour</Filter>
    </ClCompile>
    <ClCompile Include="..\recastnavigation\Detour\Source\DetourNavMesh.cpp">
      <Filter>Source Files\Detour</Filter>
    </ClCompile>
    <ClCompile Include="..\recastnavigation\Detour\Source\DetourNavMeshBuilder.cpp">
      <Filter>Source Files\Detour</Filter>
    </ClCompile>
    <ClCompile Include="..\recastnavigation\Detour\Source\DetourNavMeshQuery.cpp">
      <Filter>Source Files\Detour</Filter>
    </ClCompile>
    <ClCompile Include="..\recastnavigation\Detour\Source\DetourNode.cpp">
      <Filter>Source Files\Detour</Filter>
    </ClCompile>
    <ClCompile Include="..\recastnavigation\Recast\Source\Recast.cpp">
      <Filter>Source Files\Recast</Filter>
    </ClCompile>
    <ClCompile Include="..\recastnavigation\Recast\Source\RecastAlloc.cpp">
      <Filter>Source Files\Recast</Filter>
    </ClCompile>
    <ClCompile Include="..\recastnavigation\Recast\Source\RecastArea.cpp">
      <Filter>Source Files\Recast</Filter>
    </ClCompile>
    <ClCompile Include="..\recastnavigation\Recast\Source\RecastContour.cpp">
      <Filter>Source Files\Recast</Filter>
    </ClCompile>
    <ClCompile Include="..\recastnavigation\Recast\Source\RecastFilter.cpp">
      <Filter>Source Files\Recast</Filter>
    </ClCompile>
    <ClCompile Include="..\recastnavigation\Recast\Source\RecastLayers.cpp">
      <Filter>Source Files\Recast</Filter>
    </ClCompile>
    <ClCompile Include="..\recastnavigation\Recast\Source\RecastMesh.cpp">
      <Filter>Source Files\Recast</Filter>
    </ClCompile>
    <ClCompile Include="..\recastnavigation\Recast\Source\RecastMeshDetail.cpp">
      <Filter>Source Files\Recast</Filter>
    </ClCompile>
    <ClCompile Include="..\recastnavigation\Recast\Source\RecastRasterization.cpp">
      <Filter>Source Files\Recast</Filter>
    </ClCompile>
    <ClCompile Include="..\recastnavigation\Recast\Source\RecastRegion.cpp">
      <Filter>Source Files\Recast</Filter>
    </ClCompile>
    <ClCompile Include="..\recastnavigation\DebugUtils\Source\DebugDraw.cpp">
      <Filter>Source Files\DebugUtils</Filter>
    </ClCompile>
    <ClCompile Include="..\recastnavigation\DebugUtils\Source\DetourDebugDraw.cpp">
      <Filter>Source Files\DebugUtils</Filter>
    </ClCompile>
    <ClCompile Include="..\recastnavigation\DetourTileCache\Source\DetourTileCacheBuilder.cpp">
      <Filter>Source Files\DetourTileCache</Filter>
    </ClCompile>
    <ClCompile Include="..\recastnavigation\DetourTileCache\Source\DetourTileCache.cpp">
      <Filter>Source Files\DetourTileCache</Filter>
    </ClCompile>
  </ItemGroup>
  <ItemGroup>
    <ClInclude Include="..\recastnavigation\Detour\Include\DetourAlloc.h">
      <Filter>Header Files\Detour</Filter>
    </ClInclude>
    <ClInclude Include="..\recastnavigation\Detour\Include\DetourAssert.h">
      <Filter>Header Files\Detour</Filter>
    </ClInclude>
    <ClInclude Include="..\recastnavigation\Detour\Include\DetourCommon.h">
      <Filter>Header Files\Detour</Filter>
    </ClInclude>
    <ClInclude Include="..\recastnavigation\Detour\Include\DetourMath.h">
      <Filter>Header Files\Detour</Filter>
    </ClInclude>
    <ClInclude Include="..\recastnavigation\Detour\Include\DetourNavMesh.h">
      <Filter>Header Files\Detour</Filter>
    </ClInclude>
    <ClInclude Include="..\recastnavigation\Detour\Include\DetourNavMeshBuilder.h">
      <Filter>Header Files\Detour</Filter>
    </ClInclude>
    <ClInclude Include="..\recastnavigation\Detour\Include\DetourNavMeshQuery.h">
      <Filter>Header Files\Detour</Filter>
    </ClInclude>
    <ClInclude Include="..\recastnavigation\Detour\Include\DetourNode.h">
      <Filter>Header Files\Detour</Filter>
    </ClInclude>
    <ClInclude Include="..\recastnavigation\Detour\Include\DetourStatus.h">
      <Filter>Header Files\Detour</Filter>
    </ClInclude>
    <ClInclude Include="..\recastnavigation\Recast\Include\Recast.h">
      <Filter>Header Files\Recast</Filter>
    </ClInclude>
    <ClInclude Include="..\recastnavigation\Recast\Include\RecastAlloc.h">
      <Filter>Header Files\Recast</Filter>
    </ClInclude>
    <ClInclude Include="..\recastnavigation\Recast\Include\RecastAssert.h">
      <Filter>Header Files\Recast</Filter>
    </ClInclude>
    <ClInclude Include="Include\Common.hpp">
      <Filter>Header Files</Filter>
    </ClInclude>
    <ClInclude Include="..\recastnavigation\DebugUtils\Include\DebugDraw.h">
      <Filter>Header Files\DebugUtils</Filter>
    </ClInclude>
    <ClInclude Include="..\recastnavigation\DebugUtils\Include\DetourDebugDraw.h">
      <Filter>Header Files\DebugUtils</Filter>
    </ClInclude>
    <ClInclude Include="..\recastnavigation\DetourTileCache\Include\DetourTileCache.h">
      <Filter>Header Files\DetourTileCache</Filter>
    </ClInclude>
    <ClInclude Include="..\recastnavigation\DetourTileCache\Include\DetourTileCacheBuilder.h">
      <Filter>Header Files\DetourTileCache</Filter>
    </ClInclude>
  </ItemGroup>
</Project>