<?xml version="1.0" encoding="utf-8"?>
<Project ToolsVersion="4.0" xmlns="http://schemas.microsoft.com/developer/msbuild/2003">
  <ItemGroup>
    <Filter Include="Source Files">
      <UniqueIdentifier>{4FC737F1-C7A5-4376-A066-2A32D752A2FF}</UniqueIdentifier>
      <Extensions>cpp;c;cc;cxx;def;odl;idl;hpj;bat;asm;asmx</Extensions>
    </Filter>
    <Filter Include="Header Files">
      <UniqueIdentifier>{93995380-89BD-4b04-88EB-625FBE52EBFB}</UniqueIdentifier>
      <Extensions>h;hh;hpp;hxx;hm;inl;inc;xsd</Extensions>
    </Filter>
    <Filter Include="Source Files\Recast">
      <UniqueIdentifier>{d5692c0d-c310-4dad-b8e6-fe6c41db7b86}</UniqueIdentifier>
    </Filter>
    <Filter Include="Header Files\Recast">
      <UniqueIdentifier>{5ad2caf0-05ee-4326-88cb-ac8cfe8895ed}</UniqueIdentifier>
    </Filter>
    <Filter Include="Source Files\Detour">
      <UniqueIdentifier>{9f85c439-b11f-4101-a7a2-130091bc3116}</UniqueIdentifier>
    </Filter>
    <Filter Include="Header Files\Detour">
      <UniqueIdentifier>{6e24e4f5-cb55-47e6-8242-f72e7102a0ee}</UniqueIdentifier>
    </Filter>
    <Filter Include="Header Files\Build">
      <UniqueIdentifier>{c4a9eee8-8ec0-48ef-a327-9ca83bd532af}</UniqueIdentifier>
    </Filter>
    <Filter Include="Header Files\Query">
      <UniqueIdentifier>{dde85569-6427-450b-9621-f0331e9189e8}</UniqueIdentifier>
    </Filter>
    <Filter Include="Source Files\Build">
      <UniqueIdentifier>{cacf4d88-76ee-4411-84a3-36b9d19790e2}</UniqueIdentifier>
    </Filter>
    <Filter Include="Source Files\Query">
      <UniqueIdentifier>{593afedb-7497-40a5-8c5a-41f042c95a90}</UniqueIdentifier>
    </Filter>
  </ItemGroup>
  <ItemGroup>
    <ClCompile Include="..\recastnavigation\Recast\Source\Recast.cpp">
      <Filter>Source Files\Recast</Filter>
    </ClCompile>
    <ClCompile Include="..\recastnavigation\Recast\Source\RecastAlloc.cpp">
      <Filter>Source Files\Recast</Filter>
    </ClCompile>
    <ClCompile Include="..\recastnavigation\Recast\Source\RecastArea.cpp">
      <Filter>Source Files\Recast</Filter>
    </ClCompile>
    <ClCompile Include="..\recastnavigation\Recast\Source\RecastContour.cpp">
      <Filter>Source Files\Recast</Filter>
    </ClCompile>
    <ClCompile Include="..\recastnavigation\Recast\Source\RecastFilter.cpp">
      <Filter>Source Files\Recast</Filter>
    </ClCompile>
    <ClCompile Include="..\recastnavigation\Recast\Source\RecastLayers.cpp">
      <Filter>Source Files\Recast</Filter>
    </ClCompile>
    <ClCompile Include="..\recastnavigation\Recast\Source\RecastMesh.cpp">
      <Filter>Source Files\Recast</Filter>
    </ClCompile>
    <ClCompile Include="..\recastnavigation\Recast\Source\RecastMeshDetail.cpp">
      <Filter>Source Files\Recast</Filter>
    </ClCompile>
    <ClCompile Include="..\recastnavigation\Recast\Source\RecastRasterization.cpp">
      <Filter>Source Files\Recast</Filter>
    </ClCompile>
    <ClCompile Include="..\recastnavigation\Recast\Source\RecastRegion.cpp">
      <Filter>Source Files\Recast</Filter>
    </ClCompile>
    <ClCompile Include="..\recastnavigation\Detour\Source\DetourAlloc.cpp">
      <Filter>Source Files\Detour</Filter>
    </ClCompile>
    <ClCompile Include="..\recastnavigation\Detour\Source\DetourCommon.cpp">
      <Filter>Source Files\Detour</Filter>
    </ClCompile>
    <ClCompile Include="..\recastnavigation\Detour\Source\DetourNavMesh.cpp">
      <Filter>Source Files\Detour</Filter>
    </ClCompile>
    <ClCompile Include="..\recastnavigation\Detour\Source\DetourNavMeshBuilder.cpp">
      <Filter>Source Files\Detour</Filter>
    </ClCompile>
    <ClCompile Include="..\recastnavigation\Detour\Source\DetourNavMeshQuery.cpp">
      <Filter>Source Files\Detour</Filter>
    </ClCompile>
    <ClCompile Include="..\recastnavigation\Detour\Source\DetourNode.cpp">
      <Filter>Source Files\Detour</Filter>
    </ClCompile>
    <ClCompile Include="Source\DataManager.cpp">
      <Filter>Source Files\Build</Filter>
    </ClCompile>
    <ClCompile Include="Source\MeshBuilder.cpp">
      <Filter>Source Files\Build</Filter>
    </ClCompile>
    <ClCompile Include="Source\NavMesh.cpp">
      <Filter>Source Files\Query</Filter>
    </ClCompile>
  </ItemGroup>
  <ItemGroup>
    <ClInclude Include="..\recastnavigation\Recast\Include\Recast.h">
      <Filter>Header Files\Recast</Filter>
    </ClInclude>
    <ClInclude Include="..\recastnavigation\Recast\Include\RecastAlloc.h">
      <Filter>Header Files\Recast</Filter>
    </ClInclude>
    <ClInclude Include="..\recastnavigation\Recast\Include\RecastAssert.h">
      <Filter>Header Files\Recast</Filter>
    </ClInclude>
    <ClInclude Include="..\recastnavigation\Detour\Include\DetourAlloc.h">
      <Filter>Header Files\Detour</Filter>
    </ClInclude>
    <ClInclude Include="..\recastnavigation\Detour\Include\DetourAssert.h">
      <Filter>Header Files\Detour</Filter>
    </ClInclude>
    <ClInclude Include="..\recastnavigation\Detour\Include\DetourCommon.h">
      <Filter>Header Files\Detour</Filter>
    </ClInclude>
    <ClInclude Include="..\recastnavigation\Detour\Include\DetourMath.h">
      <Filter>Header Files\Detour</Filter>
    </ClInclude>
    <ClInclude Include="..\recastnavigation\Detour\Include\DetourNavMesh.h">
      <Filter>Header Files\Detour</Filter>
    </ClInclude>
    <ClInclude Include="..\recastnavigation\Detour\Include\DetourNavMeshBuilder.h">
      <Filter>Header Files\Detour</Filter>
    </ClInclude>
    <ClInclude Include="..\recastnavigation\Detour\Include\DetourNavMeshQuery.h">
      <Filter>Header Files\Detour</Filter>
    </ClInclude>
    <ClInclude Include="..\recastnavigation\Detour\Include\DetourNode.h">
      <Filter>Header Files\Detour</Filter>
    </ClInclude>
    <ClInclude Include="..\recastnavigation\Detour\Include\DetourStatus.h">
      <Filter>Header Files\Detour</Filter>
    </ClInclude>
    <ClInclude Include="Include\DataManager.hpp">
      <Filter>Header Files\Build</Filter>
    </ClInclude>
    <ClInclude Include="Include\MeshBuilder.hpp">
      <Filter>Header Files\Build</Filter>
    </ClInclude>
    <ClInclude Include="Include\NavMesh.hpp">
      <Filter>Header Files\Query</Filter>
    </ClInclude>
    <ClInclude Include="Include\Common.hpp">
      <Filter>Header Files</Filter>
    </ClInclude>
  </ItemGroup>
</Project>