<?xml version="1.0" encoding="utf-8"?>
<Project ToolsVersion="4.0" xmlns="http://schemas.microsoft.com/developer/msbuild/2003">
  <ItemGroup>
    <ClCompile Include="Source\BinaryStream.cpp">
      <Filter>Source</Filter>
    </ClCompile>
    <ClCompile Include="Source\MathHelper.cpp">
      <Filter>Source</Filter>
    </ClCompile>
    <ClCompile Include="Source\LinearAlgebra.cpp">
      <Filter>Source</Filter>
    </ClCompile>
    <ClCompile Include="Source\Directory.cpp">
      <Filter>Source</Filter>
    </ClCompile>
    <ClCompile Include="Source\Ray.cpp">
      <Filter>Source</Filter>
    </ClCompile>
    <ClCompile Include="Source\BoundingBox.cpp">
      <Filter>Source</Filter>
    </ClCompile>
    <ClCompile Include="Source\AABBTree.cpp">
      <Filter>Source</Filter>
    </ClCompile>
    <ClCompile Include="Include\miniz.c">
      <Filter>Include</Filter>
    </ClCompile>
  </ItemGroup>
  <ItemGroup>
    <ClInclude Include="Include\Array2d.hpp">
      <Filter>Include</Filter>
    </ClInclude>
    <ClInclude Include="Include\BinaryStream.hpp">
      <Filter>Include</Filter>
    </ClInclude>
    <ClInclude Include="Include\LinearAlgebra.hpp">
      <Filter>Include</Filter>
    </ClInclude>
    <ClInclude Include="Include\MathHelper.hpp">
      <Filter>Include</Filter>
    </ClInclude>
    <ClInclude Include="Include\Directory.hpp">
      <Filter>Include</Filter>
    </ClInclude>
    <ClInclude Include="Include\Ray.hpp">
      <Filter>Include</Filter>
    </ClInclude>
    <ClInclude Include="Include\AABBTree.hpp">
      <Filter>Include</Filter>
    </ClInclude>
    <ClInclude Include="Include\BoundingBox.hpp">
      <Filter>Include</Filter>
    </ClInclude>
    <ClInclude Include="Include\Exception.hpp">
      <Filter>Include</Filter>
    </ClInclude>
  </ItemGroup>
  <ItemGroup>
    <Filter Include="Include">
      <UniqueIdentifier>{7d78e06b-8563-4651-9649-05ec29ed6970}</UniqueIdentifier>
    </Filter>
    <Filter Include="Source">
      <UniqueIdentifier>{21b786a7-ce4e-4aee-bea2-6ada13e86e91}</UniqueIdentifier>
    </Filter>
  </ItemGroup>
</Project>